
Microsoft Visual Studio Solution File, Format Version 12.00
# Visual Studio Version 17
VisualStudioVersion = 17.6.33723.286
MinimumVisualStudioVersion = 10.0.40219.1
Project("{FAE04EC0-301F-11D3-BF4B-00C04F79EFBC}") = "DelegatorStudent31", "DelegatorStudent31\DelegatorStudent31.csproj", "{4E599469-2596-44FC-9690-7D5F52524D82}"
EndProject
Global
	GlobalSection(SolutionConfigurationPlatforms) = preSolution
		Debug|Any CPU = Debug|Any CPU
		Release|Any CPU = Release|Any CPU
	EndGlobalSection
	GlobalSection(ProjectConfigurationPlatforms) = postSolution
		{4E599469-2596-44FC-9690-7D5F52524D82}.Debug|Any CPU.ActiveCfg = Debug|Any CPU
		{4E599469-2596-44FC-9690-7D5F52524D82}.Debug|Any CPU.Build.0 = Debug|Any CPU
		{4E599469-2596-44FC-9690-7D5F52524D82}.Release|Any CPU.ActiveCfg = Release|Any CPU
		{4E599469-2596-44FC-9690-7D5F52524D82}.Release|Any CPU.Build.0 = Release|Any CPU
	EndGlobalSection
	GlobalSection(SolutionProperties) = preSolution
		HideSolutionNode = FALSE
	EndGlobalSection
	GlobalSection(ExtensibilityGlobals) = postSolution
		SolutionGuid = {3198E6F1-56CD-4411-966C-9BB9A67C547F}
	EndGlobalSection
EndGlobal
